<?xml version="1.0" encoding="utf-8"?>
<Project ToolsVersion="4.0" xmlns="http://schemas.microsoft.com/developer/msbuild/2003">
  <ItemGroup>
    <ClCompile Include="DataGroup.cpp">
      <Filter>Source Files</Filter>
    </ClCompile>
    <ClCompile Include="FloorSensors.cpp">
      <Filter>Source Files</Filter>
    </ClCompile>
    <ClCompile Include="Sensors.cpp">
      <Filter>Source Files</Filter>
    </ClCompile>
  </ItemGroup>
  <ItemGroup>
    <ClInclude Include="FloorSensors.h">
      <Filter>Header Files</Filter>
    </ClInclude>
    <ClInclude Include="Sensors.h">
      <Filter>Header Files</Filter>
    </ClInclude>
    <ClInclude Include="DataGroup.h">
      <Filter>Header Files</Filter>
    </ClInclude>
    <ClInclude Include="__vm\.main.vsarduino.h">
      <Filter>Header Files</Filter>
    </ClInclude>
  </ItemGroup>
  <ItemGroup>
    <None Include="main.ino" />
    <None Include="EEPROMHandler.ino" />
    <None Include="Calib.ino" />
  </ItemGroup>
  <ItemGroup>
    <Filter Include="Header Files">
      <UniqueIdentifier>{aba183a8-5fed-4411-a40d-c8603476c227}</UniqueIdentifier>
      <Extensions>h;hh;hpp;hxx;hm;inl;inc;xsd</Extensions>
    </Filter>
    <Filter Include="Source Files">
      <UniqueIdentifier>{6c89c8d0-7e28-4fad-b0bc-f2a952837ea1}</UniqueIdentifier>
      <Extensions>cpp;c;cc;cxx;def;odl;idl;hpj;bat;asm;asmx</Extensions>
    </Filter>
    <Filter Include="Resouce Files">
      <UniqueIdentifier>{20885500-f43b-45a4-8f2e-fc352fff10e1}</UniqueIdentifier>
      <Extensions>rc;ico;cur;bmp;dlg;rc2;rct;bin;rgs;gif;jpg;jpeg;jpe;resx;tiff;tif;png;wav;mfcribbon-ms</Extensions>
    </Filter>
  </ItemGroup>
</Project>